<Solution>
  <Folder Name="/snope/">
    <Project Path="snope/snope-rase/snope-rase.csproj" />
    <Project Path="snope/snoperase.Api/snoperase.Api.csproj" />
    <Project Path="snope/snoperase.Application/snoperase.Application.csproj" />
    <Project Path="snope/snoperase.Domain/snoperase.Domain.csproj" />
    <Project Path="snope/snoperase.Infastrucure/snoperase.Infastrucure.csproj" />
  </Folder>
  <Folder Name="/test/">
    <Project Path="TestSnope/TestSnope.csproj" />
  </Folder>
</Solution>
